// !$*UTF8*$!
{
	archiveVersion = 1;
	classes = {
	};
	objectVersion = 48;
	objects = {

/* Begin PBXBuildFile section */
		3D401468208D0D1100F06CDD /* ShowTimeToPickUpViewController.swift in Sources */ = {isa = PBXBuildFile; fileRef = 3D401467208D0D1100F06CDD /* ShowTimeToPickUpViewController.swift */; };
		3D40146A208D100400F06CDD /* Pedido.swift in Sources */ = {isa = PBXBuildFile; fileRef = 3D401469208D100400F06CDD /* Pedido.swift */; };
		3DA1D80A208A417B00D6DD05 /* AppDelegate.swift in Sources */ = {isa = PBXBuildFile; fileRef = 3DA1D809208A417B00D6DD05 /* AppDelegate.swift */; };
		3DA1D80C208A417B00D6DD05 /* ViewController.swift in Sources */ = {isa = PBXBuildFile; fileRef = 3DA1D80B208A417B00D6DD05 /* ViewController.swift */; };
		3DA1D80F208A417B00D6DD05 /* Main.storyboard in Resources */ = {isa = PBXBuildFile; fileRef = 3DA1D80D208A417B00D6DD05 /* Main.storyboard */; };
		3DA1D811208A417B00D6DD05 /* Assets.xcassets in Resources */ = {isa = PBXBuildFile; fileRef = 3DA1D810208A417B00D6DD05 /* Assets.xcassets */; };
		3DA1D814208A417B00D6DD05 /* LaunchScreen.storyboard in Resources */ = {isa = PBXBuildFile; fileRef = 3DA1D812208A417B00D6DD05 /* LaunchScreen.storyboard */; };
		3DA1D81C208A425600D6DD05 /* SelectBurgerViewController.swift in Sources */ = {isa = PBXBuildFile; fileRef = 3DA1D81B208A425600D6DD05 /* SelectBurgerViewController.swift */; };
		3DA1D81E208A427B00D6DD05 /* selectPapasViewController.swift in Sources */ = {isa = PBXBuildFile; fileRef = 3DA1D81D208A427B00D6DD05 /* selectPapasViewController.swift */; };
		3DA1D820208A429600D6DD05 /* selectSodaViewController.swift in Sources */ = {isa = PBXBuildFile; fileRef = 3DA1D81F208A429600D6DD05 /* selectSodaViewController.swift */; };
		3DA1D822208A42AB00D6DD05 /* showTotalViewController.swift in Sources */ = {isa = PBXBuildFile; fileRef = 3DA1D821208A42AB00D6DD05 /* showTotalViewController.swift */; };
/* End PBXBuildFile section */

/* Begin PBXFileReference section */
		3D401467208D0D1100F06CDD /* ShowTimeToPickUpViewController.swift */ = {isa = PBXFileReference; lastKnownFileType = sourcecode.swift; path = ShowTimeToPickUpViewController.swift; sourceTree = "<group>"; };
		3D401469208D100400F06CDD /* Pedido.swift */ = {isa = PBXFileReference; lastKnownFileType = sourcecode.swift; path = Pedido.swift; sourceTree = "<group>"; };
		3DA1D806208A417B00D6DD05 /* ElReyDeLaHamburguesa.app */ = {isa = PBXFileReference; explicitFileType = wrapper.application; includeInIndex = 0; path = ElReyDeLaHamburguesa.app; sourceTree = BUILT_PRODUCTS_DIR; };
		3DA1D809208A417B00D6DD05 /* AppDelegate.swift */ = {isa = PBXFileReference; lastKnownFileType = sourcecode.swift; path = AppDelegate.swift; sourceTree = "<group>"; };
		3DA1D80B208A417B00D6DD05 /* ViewController.swift */ = {isa = PBXFileReference; lastKnownFileType = sourcecode.swift; path = ViewController.swift; sourceTree = "<group>"; };
		3DA1D80E208A417B00D6DD05 /* Base */ = {isa = PBXFileReference; lastKnownFileType = file.storyboard; name = Base; path = Base.lproj/Main.storyboard; sourceTree = "<group>"; };
		3DA1D810208A417B00D6DD05 /* Assets.xcassets */ = {isa = PBXFileReference; lastKnownFileType = folder.assetcatalog; path = Assets.xcassets; sourceTree = "<group>"; };
		3DA1D813208A417B00D6DD05 /* Base */ = {isa = PBXFileReference; lastKnownFileType = file.storyboard; name = Base; path = Base.lproj/LaunchScreen.storyboard; sourceTree = "<group>"; };
		3DA1D815208A417B00D6DD05 /* Info.plist */ = {isa = PBXFileReference; lastKnownFileType = text.plist.xml; path = Info.plist; sourceTree = "<group>"; };
		3DA1D81B208A425600D6DD05 /* SelectBurgerViewController.swift */ = {isa = PBXFileReference; lastKnownFileType = sourcecode.swift; path = SelectBurgerViewController.swift; sourceTree = "<group>"; };
		3DA1D81D208A427B00D6DD05 /* selectPapasViewController.swift */ = {isa = PBXFileReference; lastKnownFileType = sourcecode.swift; path = selectPapasViewController.swift; sourceTree = "<group>"; };
		3DA1D81F208A429600D6DD05 /* selectSodaViewController.swift */ = {isa = PBXFileReference; lastKnownFileType = sourcecode.swift; path = selectSodaViewController.swift; sourceTree = "<group>"; };
		3DA1D821208A42AB00D6DD05 /* showTotalViewController.swift */ = {isa = PBXFileReference; lastKnownFileType = sourcecode.swift; path = showTotalViewController.swift; sourceTree = "<group>"; };
/* End PBXFileReference section */

/* Begin PBXFrameworksBuildPhase section */
		3DA1D803208A417B00D6DD05 /* Frameworks */ = {
			isa = PBXFrameworksBuildPhase;
			buildActionMask = 2147483647;
			files = (
			);
			runOnlyForDeploymentPostprocessing = 0;
		};
/* End PBXFrameworksBuildPhase section */

/* Begin PBXGroup section */
		3DA1D7FD208A417B00D6DD05 = {
			isa = PBXGroup;
			children = (
				3D401469208D100400F06CDD /* Pedido.swift */,
				3D401467208D0D1100F06CDD /* ShowTimeToPickUpViewController.swift */,
				3DA1D821208A42AB00D6DD05 /* showTotalViewController.swift */,
				3DA1D81F208A429600D6DD05 /* selectSodaViewController.swift */,
				3DA1D81D208A427B00D6DD05 /* selectPapasViewController.swift */,
				3DA1D81B208A425600D6DD05 /* SelectBurgerViewController.swift */,
				3DA1D808208A417B00D6DD05 /* ElReyDeLaHamburguesa */,
				3DA1D807208A417B00D6DD05 /* Products */,
			);
			sourceTree = "<group>";
		};
		3DA1D807208A417B00D6DD05 /* Products */ = {
			isa = PBXGroup;
			children = (
				3DA1D806208A417B00D6DD05 /* ElReyDeLaHamburguesa.app */,
			);
			name = Products;
			sourceTree = "<group>";
		};
		3DA1D808208A417B00D6DD05 /* ElReyDeLaHamburguesa */ = {
			isa = PBXGroup;
			children = (
				3DA1D809208A417B00D6DD05 /* AppDelegate.swift */,
				3DA1D80B208A417B00D6DD05 /* ViewController.swift */,
				3DA1D80D208A417B00D6DD05 /* Main.storyboard */,
				3DA1D810208A417B00D6DD05 /* Assets.xcassets */,
				3DA1D812208A417B00D6DD05 /* LaunchScreen.storyboard */,
				3DA1D815208A417B00D6DD05 /* Info.plist */,
			);
			path = ElReyDeLaHamburguesa;
			sourceTree = "<group>";
		};
/* End PBXGroup section */

/* Begin PBXNativeTarget section */
		3DA1D805208A417B00D6DD05 /* ElReyDeLaHamburguesa */ = {
			isa = PBXNativeTarget;
			buildConfigurationList = 3DA1D818208A417B00D6DD05 /* Build configuration list for PBXNativeTarget "ElReyDeLaHamburguesa" */;
			buildPhases = (
				3DA1D802208A417B00D6DD05 /* Sources */,
				3DA1D803208A417B00D6DD05 /* Frameworks */,
				3DA1D804208A417B00D6DD05 /* Resources */,
			);
			buildRules = (
			);
			dependencies = (
			);
			name = ElReyDeLaHamburguesa;
			productName = ElReyDeLaHamburguesa;
			productReference = 3DA1D806208A417B00D6DD05 /* ElReyDeLaHamburguesa.app */;
			productType = "com.apple.product-type.application";
		};
/* End PBXNativeTarget section */

/* Begin PBXProject section */
		3DA1D7FE208A417B00D6DD05 /* Project object */ = {
			isa = PBXProject;
			attributes = {
				LastSwiftUpdateCheck = 0920;
				LastUpgradeCheck = 0920;
				ORGANIZATIONNAME = Gaston;
				TargetAttributes = {
					3DA1D805208A417B00D6DD05 = {
						CreatedOnToolsVersion = 9.2;
						ProvisioningStyle = Automatic;
					};
				};
			};
			buildConfigurationList = 3DA1D801208A417B00D6DD05 /* Build configuration list for PBXProject "ElReyDeLaHamburguesa" */;
			compatibilityVersion = "Xcode 8.0";
			developmentRegion = en;
			hasScannedForEncodings = 0;
			knownRegions = (
				en,
				Base,
			);
			mainGroup = 3DA1D7FD208A417B00D6DD05;
			productRefGroup = 3DA1D807208A417B00D6DD05 /* Products */;
			projectDirPath = "";
			projectRoot = "";
			targets = (
				3DA1D805208A417B00D6DD05 /* ElReyDeLaHamburguesa */,
			);
		};
/* End PBXProject section */

/* Begin PBXResourcesBuildPhase section */
		3DA1D804208A417B00D6DD05 /* Resources */ = {
			isa = PBXResourcesBuildPhase;
			buildActionMask = 2147483647;
			files = (
				3DA1D814208A417B00D6DD05 /* LaunchScreen.storyboard in Resources */,
				3DA1D811208A417B00D6DD05 /* Assets.xcassets in Resources */,
				3DA1D80F208A417B00D6DD05 /* Main.storyboard in Resources */,
			);
			runOnlyForDeploymentPostprocessing = 0;
		};
/* End PBXResourcesBuildPhase section */

/* Begin PBXSourcesBuildPhase section */
		3DA1D802208A417B00D6DD05 /* Sources */ = {
			isa = PBXSourcesBuildPhase;
			buildActionMask = 2147483647;
			files = (
				3DA1D81C208A425600D6DD05 /* SelectBurgerViewController.swift in Sources */,
				3DA1D80C208A417B00D6DD05 /* ViewController.swift in Sources */,
				3DA1D820208A429600D6DD05 /* selectSodaViewController.swift in Sources */,
				3DA1D81E208A427B00D6DD05 /* selectPapasViewController.swift in Sources */,
				3D40146A208D100400F06CDD /* Pedido.swift in Sources */,
				3D401468208D0D1100F06CDD /* ShowTimeToPickUpViewController.swift in Sources */,
				3DA1D822208A42AB00D6DD05 /* showTotalViewController.swift in Sources */,
				3DA1D80A208A417B00D6DD05 /* AppDelegate.swift in Sources */,
			);
			runOnlyForDeploymentPostprocessing = 0;
		};
/* End PBXSourcesBuildPhase section */

/* Begin PBXVariantGroup section */
		3DA1D80D208A417B00D6DD05 /* Main.storyboard */ = {
			isa = PBXVariantGroup;
			children = (
				3DA1D80E208A417B00D6DD05 /* Base */,
			);
			name = Main.storyboard;
			sourceTree = "<group>";
		};
		3DA1D812208A417B00D6DD05 /* LaunchScreen.storyboard */ = {
			isa = PBXVariantGroup;
			children = (
				3DA1D813208A417B00D6DD05 /* Base */,
			);
			name = LaunchScreen.storyboard;
			sourceTree = "<group>";
		};
/* End PBXVariantGroup section */

/* Begin XCBuildConfiguration section */
		3DA1D816208A417B00D6DD05 /* Debug */ = {
			isa = XCBuildConfiguration;
			buildSettings = {
				ALWAYS_SEARCH_USER_PATHS = NO;
				CLANG_ANALYZER_NONNULL = YES;
				CLANG_ANALYZER_NUMBER_OBJECT_CONVERSION = YES_AGGRESSIVE;
				CLANG_CXX_LANGUAGE_STANDARD = "gnu++14";
				CLANG_CXX_LIBRARY = "libc++";
				CLANG_ENABLE_MODULES = YES;
				CLANG_ENABLE_OBJC_ARC = YES;
				CLANG_WARN_BLOCK_CAPTURE_AUTORELEASING = YES;
				CLANG_WARN_BOOL_CONVERSION = YES;
				CLANG_WARN_COMMA = YES;
				CLANG_WARN_CONSTANT_CONVERSION = YES;
				CLANG_WARN_DIRECT_OBJC_ISA_USAGE = YES_ERROR;
				CLANG_WARN_DOCUMENTATION_COMMENTS = YES;
				CLANG_WARN_EMPTY_BODY = YES;
				CLANG_WARN_ENUM_CONVERSION = YES;
				CLANG_WARN_INFINITE_RECURSION = YES;
				CLANG_WARN_INT_CONVERSION = YES;
				CLANG_WARN_NON_LITERAL_NULL_CONVERSION = YES;
				CLANG_WARN_OBJC_LITERAL_CONVERSION = YES;
				CLANG_WARN_OBJC_ROOT_CLASS = YES_ERROR;
				CLANG_WARN_RANGE_LOOP_ANALYSIS = YES;
				CLANG_WARN_STRICT_PROTOTYPES = YES;
				CLANG_WARN_SUSPICIOUS_MOVE = YES;
				CLANG_WARN_UNGUARDED_AVAILABILITY = YES_AGGRESSIVE;
				CLANG_WARN_UNREACHABLE_CODE = YES;
				CLANG_WARN__DUPLICATE_METHOD_MATCH = YES;
				CODE_SIGN_IDENTITY = "iPhone Developer";
				COPY_PHASE_STRIP = NO;
				DEBUG_INFORMATION_FORMAT = dwarf;
				ENABLE_STRICT_OBJC_MSGSEND = YES;
				ENABLE_TESTABILITY = YES;
				GCC_C_LANGUAGE_STANDARD = gnu11;
				GCC_DYNAMIC_NO_PIC = NO;
				GCC_NO_COMMON_BLOCKS = YES;
				GCC_OPTIMIZATION_LEVEL = 0;
				GCC_PREPROCESSOR_DEFINITIONS = (
					"DEBUG=1",
					"$(inherited)",
				);
				GCC_WARN_64_TO_32_BIT_CONVERSION = YES;
				GCC_WARN_ABOUT_RETURN_TYPE = YES_ERROR;
				GCC_WARN_UNDECLARED_SELECTOR = YES;
				GCC_WARN_UNINITIALIZED_AUTOS = YES_AGGRESSIVE;
				GCC_WARN_UNUSED_FUNCTION = YES;
				GCC_WARN_UNUSED_VARIABLE = YES;
				IPHONEOS_DEPLOYMENT_TARGET = 11.2;
				MTL_ENABLE_DEBUG_INFO = YES;
				ONLY_ACTIVE_ARCH = YES;
				SDKROOT = iphoneos;
				SWIFT_ACTIVE_COMPILATION_CONDITIONS = DEBUG;
				SWIFT_OPTIMIZATION_LEVEL = "-Onone";
			};
			name = Debug;
		};
		3DA1D817208A417B00D6DD05 /* Release */ = {
			isa = XCBuildConfiguration;
			buildSettings = {
				ALWAYS_SEARCH_USER_PATHS = NO;
				CLANG_ANALYZER_NONNULL = YES;
				CLANG_ANALYZER_NUMBER_OBJECT_CONVERSION = YES_AGGRESSIVE;
				CLANG_CXX_LANGUAGE_STANDARD = "gnu++14";
				CLANG_CXX_LIBRARY = "libc++";
				CLANG_ENABLE_MODULES = YES;
				CLANG_ENABLE_OBJC_ARC = YES;
				CLANG_WARN_BLOCK_CAPTURE_AUTORELEASING = YES;
				CLANG_WARN_BOOL_CONVERSION = YES;
				CLANG_WARN_COMMA = YES;
				CLANG_WARN_CONSTANT_CONVERSION = YES;
				CLANG_WARN_DIRECT_OBJC_ISA_USAGE = YES_ERROR;
				CLANG_WARN_DOCUMENTATION_COMMENTS = YES;
				CLANG_WARN_EMPTY_BODY = YES;
				CLANG_WARN_ENUM_CONVERSION = YES;
				CLANG_WARN_INFINITE_RECURSION = YES;
				CLANG_WARN_INT_CONVERSION = YES;
				CLANG_WARN_NON_LITERAL_NULL_CONVERSION = YES;
				CLANG_WARN_OBJC_LITERAL_CONVERSION = YES;
				CLANG_WARN_OBJC_ROOT_CLASS = YES_ERROR;
				CLANG_WARN_RANGE_LOOP_ANALYSIS = YES;
				CLANG_WARN_STRICT_PROTOTYPES = YES;
				CLANG_WARN_SUSPICIOUS_MOVE = YES;
				CLANG_WARN_UNGUARDED_AVAILABILITY = YES_AGGRESSIVE;
				CLANG_WARN_UNREACHABLE_CODE = YES;
				CLANG_WARN__DUPLICATE_METHOD_MATCH = YES;
				CODE_SIGN_IDENTITY = "iPhone Developer";
				COPY_PHASE_STRIP = NO;
				DEBUG_INFORMATION_FORMAT = "dwarf-with-dsym";
				ENABLE_NS_ASSERTIONS = NO;
				ENABLE_STRICT_OBJC_MSGSEND = YES;
				GCC_C_LANGUAGE_STANDARD = gnu11;
				GCC_NO_COMMON_BLOCKS = YES;
				GCC_WARN_64_TO_32_BIT_CONVERSION = YES;
				GCC_WARN_ABOUT_RETURN_TYPE = YES_ERROR;
				GCC_WARN_UNDECLARED_SELECTOR = YES;
				GCC_WARN_UNINITIALIZED_AUTOS = YES_AGGRESSIVE;
				GCC_WARN_UNUSED_FUNCTION = YES;
				GCC_WARN_UNUSED_VARIABLE = YES;
				IPHONEOS_DEPLOYMENT_TARGET = 11.2;
				MTL_ENABLE_DEBUG_INFO = NO;
				SDKROOT = iphoneos;
				SWIFT_OPTIMIZATION_LEVEL = "-Owholemodule";
				VALIDATE_PRODUCT = YES;
			};
			name = Release;
		};
		3DA1D819208A417B00D6DD05 /* Debug */ = {
			isa = XCBuildConfiguration;
			buildSettings = {
				ASSETCATALOG_COMPILER_APPICON_NAME = AppIcon;
				CODE_SIGN_STYLE = Automatic;
				INFOPLIST_FILE = ElReyDeLaHamburguesa/Info.plist;
				LD_RUNPATH_SEARCH_PATHS = "$(inherited) @executable_path/Frameworks";
				PRODUCT_BUNDLE_IDENTIFIER = com.Roos.ElReyDeLaHamburguesa;
				PRODUCT_NAME = "$(TARGET_NAME)";
				SWIFT_VERSION = 4.0;
				TARGETED_DEVICE_FAMILY = "1,2";
			};
			name = Debug;
		};
		3DA1D81A208A417B00D6DD05 /* Release */ = {
			isa = XCBuildConfiguration;
			buildSettings = {
				ASSETCATALOG_COMPILER_APPICON_NAME = AppIcon;
				CODE_SIGN_STYLE = Automatic;
				INFOPLIST_FILE = ElReyDeLaHamburguesa/Info.plist;
				LD_RUNPATH_SEARCH_PATHS = "$(inherited) @executable_path/Frameworks";
				PRODUCT_BUNDLE_IDENTIFIER = com.Roos.ElReyDeLaHamburguesa;
				PRODUCT_NAME = "$(TARGET_NAME)";
				SWIFT_VERSION = 4.0;
				TARGETED_DEVICE_FAMILY = "1,2";
			};
			name = Release;
		};
/* End XCBuildConfiguration section */

/* Begin XCConfigurationList section */
		3DA1D801208A417B00D6DD05 /* Build configuration list for PBXProject "ElReyDeLaHamburguesa" */ = {
			isa = XCConfigurationList;
			buildConfigurations = (
				3DA1D816208A417B00D6DD05 /* Debug */,
				3DA1D817208A417B00D6DD05 /* Release */,
			);
			defaultConfigurationIsVisible = 0;
			defaultConfigurationName = Release;
		};
		3DA1D818208A417B00D6DD05 /* Build configuration list for PBXNativeTarget "ElReyDeLaHamburguesa" */ = {
			isa = XCConfigurationList;
			buildConfigurations = (
				3DA1D819208A417B00D6DD05 /* Debug */,
				3DA1D81A208A417B00D6DD05 /* Release */,
			);
			defaultConfigurationIsVisible = 0;
			defaultConfigurationName = Release;
		};
/* End XCConfigurationList section */
	};
	rootObject = 3DA1D7FE208A417B00D6DD05 /* Project object */;
}
