// !$*UTF8*$!
{
	archiveVersion = 1;
	classes = {
	};
	objectVersion = 48;
	objects = {

/* Begin PBXBuildFile section */
		81CF278D20A384DF003275D7 /* AppDelegate.swift in Sources */ = {isa = PBXBuildFile; fileRef = 81CF278C20A384DF003275D7 /* AppDelegate.swift */; };
		81CF279220A384DF003275D7 /* Main.storyboard in Resources */ = {isa = PBXBuildFile; fileRef = 81CF279020A384DF003275D7 /* Main.storyboard */; };
		81CF279420A384DF003275D7 /* Assets.xcassets in Resources */ = {isa = PBXBuildFile; fileRef = 81CF279320A384DF003275D7 /* Assets.xcassets */; };
		81CF279720A384DF003275D7 /* LaunchScreen.storyboard in Resources */ = {isa = PBXBuildFile; fileRef = 81CF279520A384DF003275D7 /* LaunchScreen.storyboard */; };
		81CF279F20A38506003275D7 /* Player.swift in Sources */ = {isa = PBXBuildFile; fileRef = 81CF279E20A38506003275D7 /* Player.swift */; };
		81CF27A120A38524003275D7 /* Club.swift in Sources */ = {isa = PBXBuildFile; fileRef = 81CF27A020A38524003275D7 /* Club.swift */; };
		81CF27A320A38A23003275D7 /* mainTableViewController.swift in Sources */ = {isa = PBXBuildFile; fileRef = 81CF27A220A38A23003275D7 /* mainTableViewController.swift */; };
		81CF27A520A38B03003275D7 /* ClubCellTableViewCell.swift in Sources */ = {isa = PBXBuildFile; fileRef = 81CF27A420A38B03003275D7 /* ClubCellTableViewCell.swift */; };
		81CF27A720A392F4003275D7 /* DetallClubTableViewController.swift in Sources */ = {isa = PBXBuildFile; fileRef = 81CF27A620A392F4003275D7 /* DetallClubTableViewController.swift */; };
		9E93F87220A4A35C003E3B56 /* JugadorDetalleViewController.swift in Sources */ = {isa = PBXBuildFile; fileRef = 9E93F87120A4A35C003E3B56 /* JugadorDetalleViewController.swift */; };
		9E93F87420A4BBD2003E3B56 /* addClubViewController.swift in Sources */ = {isa = PBXBuildFile; fileRef = 9E93F87320A4BBD2003E3B56 /* addClubViewController.swift */; };
		9E93F87620A4BBE1003E3B56 /* addPlayerViewController.swift in Sources */ = {isa = PBXBuildFile; fileRef = 9E93F87520A4BBE1003E3B56 /* addPlayerViewController.swift */; };
/* End PBXBuildFile section */

/* Begin PBXFileReference section */
		81CF278920A384DF003275D7 /* FootballClub.app */ = {isa = PBXFileReference; explicitFileType = wrapper.application; includeInIndex = 0; path = FootballClub.app; sourceTree = BUILT_PRODUCTS_DIR; };
		81CF278C20A384DF003275D7 /* AppDelegate.swift */ = {isa = PBXFileReference; lastKnownFileType = sourcecode.swift; path = AppDelegate.swift; sourceTree = "<group>"; };
		81CF279120A384DF003275D7 /* Base */ = {isa = PBXFileReference; lastKnownFileType = file.storyboard; name = Base; path = Base.lproj/Main.storyboard; sourceTree = "<group>"; };
		81CF279320A384DF003275D7 /* Assets.xcassets */ = {isa = PBXFileReference; lastKnownFileType = folder.assetcatalog; path = Assets.xcassets; sourceTree = "<group>"; };
		81CF279620A384DF003275D7 /* Base */ = {isa = PBXFileReference; lastKnownFileType = file.storyboard; name = Base; path = Base.lproj/LaunchScreen.storyboard; sourceTree = "<group>"; };
		81CF279820A384DF003275D7 /* Info.plist */ = {isa = PBXFileReference; lastKnownFileType = text.plist.xml; path = Info.plist; sourceTree = "<group>"; };
		81CF279E20A38506003275D7 /* Player.swift */ = {isa = PBXFileReference; lastKnownFileType = sourcecode.swift; path = Player.swift; sourceTree = "<group>"; };
		81CF27A020A38524003275D7 /* Club.swift */ = {isa = PBXFileReference; lastKnownFileType = sourcecode.swift; path = Club.swift; sourceTree = "<group>"; };
		81CF27A220A38A23003275D7 /* mainTableViewController.swift */ = {isa = PBXFileReference; lastKnownFileType = sourcecode.swift; path = mainTableViewController.swift; sourceTree = "<group>"; };
		81CF27A420A38B03003275D7 /* ClubCellTableViewCell.swift */ = {isa = PBXFileReference; lastKnownFileType = sourcecode.swift; path = ClubCellTableViewCell.swift; sourceTree = "<group>"; };
		81CF27A620A392F4003275D7 /* DetallClubTableViewController.swift */ = {isa = PBXFileReference; lastKnownFileType = sourcecode.swift; path = DetallClubTableViewController.swift; sourceTree = "<group>"; };
		9E93F87120A4A35C003E3B56 /* JugadorDetalleViewController.swift */ = {isa = PBXFileReference; lastKnownFileType = sourcecode.swift; path = JugadorDetalleViewController.swift; sourceTree = "<group>"; };
		9E93F87320A4BBD2003E3B56 /* addClubViewController.swift */ = {isa = PBXFileReference; lastKnownFileType = sourcecode.swift; path = addClubViewController.swift; sourceTree = "<group>"; };
		9E93F87520A4BBE1003E3B56 /* addPlayerViewController.swift */ = {isa = PBXFileReference; lastKnownFileType = sourcecode.swift; path = addPlayerViewController.swift; sourceTree = "<group>"; };
/* End PBXFileReference section */

/* Begin PBXFrameworksBuildPhase section */
		81CF278620A384DF003275D7 /* Frameworks */ = {
			isa = PBXFrameworksBuildPhase;
			buildActionMask = 2147483647;
			files = (
			);
			runOnlyForDeploymentPostprocessing = 0;
		};
/* End PBXFrameworksBuildPhase section */

/* Begin PBXGroup section */
		81CF278020A384DF003275D7 = {
			isa = PBXGroup;
			children = (
				81CF278B20A384DF003275D7 /* FootballClub */,
				81CF278A20A384DF003275D7 /* Products */,
			);
			sourceTree = "<group>";
		};
		81CF278A20A384DF003275D7 /* Products */ = {
			isa = PBXGroup;
			children = (
				81CF278920A384DF003275D7 /* FootballClub.app */,
			);
			name = Products;
			sourceTree = "<group>";
		};
		81CF278B20A384DF003275D7 /* FootballClub */ = {
			isa = PBXGroup;
			children = (
				81CF278C20A384DF003275D7 /* AppDelegate.swift */,
				81CF27A020A38524003275D7 /* Club.swift */,
				81CF279E20A38506003275D7 /* Player.swift */,
				81CF27A220A38A23003275D7 /* mainTableViewController.swift */,
				81CF27A420A38B03003275D7 /* ClubCellTableViewCell.swift */,
				81CF27A620A392F4003275D7 /* DetallClubTableViewController.swift */,
				9E93F87120A4A35C003E3B56 /* JugadorDetalleViewController.swift */,
				81CF279020A384DF003275D7 /* Main.storyboard */,
				81CF279320A384DF003275D7 /* Assets.xcassets */,
				81CF279520A384DF003275D7 /* LaunchScreen.storyboard */,
				81CF279820A384DF003275D7 /* Info.plist */,
				9E93F87320A4BBD2003E3B56 /* addClubViewController.swift */,
				9E93F87520A4BBE1003E3B56 /* addPlayerViewController.swift */,
			);
			path = FootballClub;
			sourceTree = "<group>";
		};
/* End PBXGroup section */

/* Begin PBXNativeTarget section */
		81CF278820A384DF003275D7 /* FootballClub */ = {
			isa = PBXNativeTarget;
			buildConfigurationList = 81CF279B20A384DF003275D7 /* Build configuration list for PBXNativeTarget "FootballClub" */;
			buildPhases = (
				81CF278520A384DF003275D7 /* Sources */,
				81CF278620A384DF003275D7 /* Frameworks */,
				81CF278720A384DF003275D7 /* Resources */,
			);
			buildRules = (
			);
			dependencies = (
			);
			name = FootballClub;
			productName = FootballClub;
			productReference = 81CF278920A384DF003275D7 /* FootballClub.app */;
			productType = "com.apple.product-type.application";
		};
/* End PBXNativeTarget section */

/* Begin PBXProject section */
		81CF278120A384DF003275D7 /* Project object */ = {
			isa = PBXProject;
			attributes = {
				LastSwiftUpdateCheck = 0920;
				LastUpgradeCheck = 0920;
				ORGANIZATIONNAME = PPIPP;
				TargetAttributes = {
					81CF278820A384DF003275D7 = {
						CreatedOnToolsVersion = 9.2;
						ProvisioningStyle = Automatic;
					};
				};
			};
			buildConfigurationList = 81CF278420A384DF003275D7 /* Build configuration list for PBXProject "FootballClub" */;
			compatibilityVersion = "Xcode 8.0";
			developmentRegion = en;
			hasScannedForEncodings = 0;
			knownRegions = (
				en,
				Base,
			);
			mainGroup = 81CF278020A384DF003275D7;
			productRefGroup = 81CF278A20A384DF003275D7 /* Products */;
			projectDirPath = "";
			projectRoot = "";
			targets = (
				81CF278820A384DF003275D7 /* FootballClub */,
			);
		};
/* End PBXProject section */

/* Begin PBXResourcesBuildPhase section */
		81CF278720A384DF003275D7 /* Resources */ = {
			isa = PBXResourcesBuildPhase;
			buildActionMask = 2147483647;
			files = (
				81CF279720A384DF003275D7 /* LaunchScreen.storyboard in Resources */,
				81CF279420A384DF003275D7 /* Assets.xcassets in Resources */,
				81CF279220A384DF003275D7 /* Main.storyboard in Resources */,
			);
			runOnlyForDeploymentPostprocessing = 0;
		};
/* End PBXResourcesBuildPhase section */

/* Begin PBXSourcesBuildPhase section */
		81CF278520A384DF003275D7 /* Sources */ = {
			isa = PBXSourcesBuildPhase;
			buildActionMask = 2147483647;
			files = (
				9E93F87620A4BBE1003E3B56 /* addPlayerViewController.swift in Sources */,
				81CF27A520A38B03003275D7 /* ClubCellTableViewCell.swift in Sources */,
				81CF27A720A392F4003275D7 /* DetallClubTableViewController.swift in Sources */,
				81CF27A320A38A23003275D7 /* mainTableViewController.swift in Sources */,
				81CF279F20A38506003275D7 /* Player.swift in Sources */,
				9E93F87420A4BBD2003E3B56 /* addClubViewController.swift in Sources */,
				81CF278D20A384DF003275D7 /* AppDelegate.swift in Sources */,
				81CF27A120A38524003275D7 /* Club.swift in Sources */,
				9E93F87220A4A35C003E3B56 /* JugadorDetalleViewController.swift in Sources */,
			);
			runOnlyForDeploymentPostprocessing = 0;
		};
/* End PBXSourcesBuildPhase section */

/* Begin PBXVariantGroup section */
		81CF279020A384DF003275D7 /* Main.storyboard */ = {
			isa = PBXVariantGroup;
			children = (
				81CF279120A384DF003275D7 /* Base */,
			);
			name = Main.storyboard;
			sourceTree = "<group>";
		};
		81CF279520A384DF003275D7 /* LaunchScreen.storyboard */ = {
			isa = PBXVariantGroup;
			children = (
				81CF279620A384DF003275D7 /* Base */,
			);
			name = LaunchScreen.storyboard;
			sourceTree = "<group>";
		};
/* End PBXVariantGroup section */

/* Begin XCBuildConfiguration section */
		81CF279920A384DF003275D7 /* Debug */ = {
			isa = XCBuildConfiguration;
			buildSettings = {
				ALWAYS_SEARCH_USER_PATHS = NO;
				CLANG_ANALYZER_NONNULL = YES;
				CLANG_ANALYZER_NUMBER_OBJECT_CONVERSION = YES_AGGRESSIVE;
				CLANG_CXX_LANGUAGE_STANDARD = "gnu++14";
				CLANG_CXX_LIBRARY = "libc++";
				CLANG_ENABLE_MODULES = YES;
				CLANG_ENABLE_OBJC_ARC = YES;
				CLANG_WARN_BLOCK_CAPTURE_AUTORELEASING = YES;
				CLANG_WARN_BOOL_CONVERSION = YES;
				CLANG_WARN_COMMA = YES;
				CLANG_WARN_CONSTANT_CONVERSION = YES;
				CLANG_WARN_DIRECT_OBJC_ISA_USAGE = YES_ERROR;
				CLANG_WARN_DOCUMENTATION_COMMENTS = YES;
				CLANG_WARN_EMPTY_BODY = YES;
				CLANG_WARN_ENUM_CONVERSION = YES;
				CLANG_WARN_INFINITE_RECURSION = YES;
				CLANG_WARN_INT_CONVERSION = YES;
				CLANG_WARN_NON_LITERAL_NULL_CONVERSION = YES;
				CLANG_WARN_OBJC_LITERAL_CONVERSION = YES;
				CLANG_WARN_OBJC_ROOT_CLASS = YES_ERROR;
				CLANG_WARN_RANGE_LOOP_ANALYSIS = YES;
				CLANG_WARN_STRICT_PROTOTYPES = YES;
				CLANG_WARN_SUSPICIOUS_MOVE = YES;
				CLANG_WARN_UNGUARDED_AVAILABILITY = YES_AGGRESSIVE;
				CLANG_WARN_UNREACHABLE_CODE = YES;
				CLANG_WARN__DUPLICATE_METHOD_MATCH = YES;
				CODE_SIGN_IDENTITY = "iPhone Developer";
				COPY_PHASE_STRIP = NO;
				DEBUG_INFORMATION_FORMAT = dwarf;
				ENABLE_STRICT_OBJC_MSGSEND = YES;
				ENABLE_TESTABILITY = YES;
				GCC_C_LANGUAGE_STANDARD = gnu11;
				GCC_DYNAMIC_NO_PIC = NO;
				GCC_NO_COMMON_BLOCKS = YES;
				GCC_OPTIMIZATION_LEVEL = 0;
				GCC_PREPROCESSOR_DEFINITIONS = (
					"DEBUG=1",
					"$(inherited)",
				);
				GCC_WARN_64_TO_32_BIT_CONVERSION = YES;
				GCC_WARN_ABOUT_RETURN_TYPE = YES_ERROR;
				GCC_WARN_UNDECLARED_SELECTOR = YES;
				GCC_WARN_UNINITIALIZED_AUTOS = YES_AGGRESSIVE;
				GCC_WARN_UNUSED_FUNCTION = YES;
				GCC_WARN_UNUSED_VARIABLE = YES;
				IPHONEOS_DEPLOYMENT_TARGET = 11.2;
				MTL_ENABLE_DEBUG_INFO = YES;
				ONLY_ACTIVE_ARCH = YES;
				SDKROOT = iphoneos;
				SWIFT_ACTIVE_COMPILATION_CONDITIONS = DEBUG;
				SWIFT_OPTIMIZATION_LEVEL = "-Onone";
			};
			name = Debug;
		};
		81CF279A20A384DF003275D7 /* Release */ = {
			isa = XCBuildConfiguration;
			buildSettings = {
				ALWAYS_SEARCH_USER_PATHS = NO;
				CLANG_ANALYZER_NONNULL = YES;
				CLANG_ANALYZER_NUMBER_OBJECT_CONVERSION = YES_AGGRESSIVE;
				CLANG_CXX_LANGUAGE_STANDARD = "gnu++14";
				CLANG_CXX_LIBRARY = "libc++";
				CLANG_ENABLE_MODULES = YES;
				CLANG_ENABLE_OBJC_ARC = YES;
				CLANG_WARN_BLOCK_CAPTURE_AUTORELEASING = YES;
				CLANG_WARN_BOOL_CONVERSION = YES;
				CLANG_WARN_COMMA = YES;
				CLANG_WARN_CONSTANT_CONVERSION = YES;
				CLANG_WARN_DIRECT_OBJC_ISA_USAGE = YES_ERROR;
				CLANG_WARN_DOCUMENTATION_COMMENTS = YES;
				CLANG_WARN_EMPTY_BODY = YES;
				CLANG_WARN_ENUM_CONVERSION = YES;
				CLANG_WARN_INFINITE_RECURSION = YES;
				CLANG_WARN_INT_CONVERSION = YES;
				CLANG_WARN_NON_LITERAL_NULL_CONVERSION = YES;
				CLANG_WARN_OBJC_LITERAL_CONVERSION = YES;
				CLANG_WARN_OBJC_ROOT_CLASS = YES_ERROR;
				CLANG_WARN_RANGE_LOOP_ANALYSIS = YES;
				CLANG_WARN_STRICT_PROTOTYPES = YES;
				CLANG_WARN_SUSPICIOUS_MOVE = YES;
				CLANG_WARN_UNGUARDED_AVAILABILITY = YES_AGGRESSIVE;
				CLANG_WARN_UNREACHABLE_CODE = YES;
				CLANG_WARN__DUPLICATE_METHOD_MATCH = YES;
				CODE_SIGN_IDENTITY = "iPhone Developer";
				COPY_PHASE_STRIP = NO;
				DEBUG_INFORMATION_FORMAT = "dwarf-with-dsym";
				ENABLE_NS_ASSERTIONS = NO;
				ENABLE_STRICT_OBJC_MSGSEND = YES;
				GCC_C_LANGUAGE_STANDARD = gnu11;
				GCC_NO_COMMON_BLOCKS = YES;
				GCC_WARN_64_TO_32_BIT_CONVERSION = YES;
				GCC_WARN_ABOUT_RETURN_TYPE = YES_ERROR;
				GCC_WARN_UNDECLARED_SELECTOR = YES;
				GCC_WARN_UNINITIALIZED_AUTOS = YES_AGGRESSIVE;
				GCC_WARN_UNUSED_FUNCTION = YES;
				GCC_WARN_UNUSED_VARIABLE = YES;
				IPHONEOS_DEPLOYMENT_TARGET = 11.2;
				MTL_ENABLE_DEBUG_INFO = NO;
				SDKROOT = iphoneos;
				SWIFT_OPTIMIZATION_LEVEL = "-Owholemodule";
				VALIDATE_PRODUCT = YES;
			};
			name = Release;
		};
		81CF279C20A384DF003275D7 /* Debug */ = {
			isa = XCBuildConfiguration;
			buildSettings = {
				ASSETCATALOG_COMPILER_APPICON_NAME = AppIcon;
				CODE_SIGN_STYLE = Automatic;
				INFOPLIST_FILE = FootballClub/Info.plist;
				LD_RUNPATH_SEARCH_PATHS = "$(inherited) @executable_path/Frameworks";
				PRODUCT_BUNDLE_IDENTIFIER = com.digitalhouse.FootballClub;
				PRODUCT_NAME = "$(TARGET_NAME)";
				SWIFT_VERSION = 4.0;
				TARGETED_DEVICE_FAMILY = "1,2";
			};
			name = Debug;
		};
		81CF279D20A384DF003275D7 /* Release */ = {
			isa = XCBuildConfiguration;
			buildSettings = {
				ASSETCATALOG_COMPILER_APPICON_NAME = AppIcon;
				CODE_SIGN_STYLE = Automatic;
				INFOPLIST_FILE = FootballClub/Info.plist;
				LD_RUNPATH_SEARCH_PATHS = "$(inherited) @executable_path/Frameworks";
				PRODUCT_BUNDLE_IDENTIFIER = com.digitalhouse.FootballClub;
				PRODUCT_NAME = "$(TARGET_NAME)";
				SWIFT_VERSION = 4.0;
				TARGETED_DEVICE_FAMILY = "1,2";
			};
			name = Release;
		};
/* End XCBuildConfiguration section */

/* Begin XCConfigurationList section */
		81CF278420A384DF003275D7 /* Build configuration list for PBXProject "FootballClub" */ = {
			isa = XCConfigurationList;
			buildConfigurations = (
				81CF279920A384DF003275D7 /* Debug */,
				81CF279A20A384DF003275D7 /* Release */,
			);
			defaultConfigurationIsVisible = 0;
			defaultConfigurationName = Release;
		};
		81CF279B20A384DF003275D7 /* Build configuration list for PBXNativeTarget "FootballClub" */ = {
			isa = XCConfigurationList;
			buildConfigurations = (
				81CF279C20A384DF003275D7 /* Debug */,
				81CF279D20A384DF003275D7 /* Release */,
			);
			defaultConfigurationIsVisible = 0;
			defaultConfigurationName = Release;
		};
/* End XCConfigurationList section */
	};
	rootObject = 81CF278120A384DF003275D7 /* Project object */;
}
