// !$*UTF8*$!
{
	archiveVersion = 1;
	classes = {
	};
	objectVersion = 48;
	objects = {

/* Begin PBXBuildFile section */
		075E56C41FD88A5A00116959 /* MapViewController.swift in Sources */ = {isa = PBXBuildFile; fileRef = 075E56C31FD88A5A00116959 /* MapViewController.swift */; };
		075E56C61FD88FC400116959 /* Place.swift in Sources */ = {isa = PBXBuildFile; fileRef = 075E56C51FD88FC400116959 /* Place.swift */; };
		076F94E51FD87F3B0046DF38 /* AppDelegate.swift in Sources */ = {isa = PBXBuildFile; fileRef = 076F94E41FD87F3B0046DF38 /* AppDelegate.swift */; };
		076F94E71FD87F3B0046DF38 /* ViewController.swift in Sources */ = {isa = PBXBuildFile; fileRef = 076F94E61FD87F3B0046DF38 /* ViewController.swift */; };
		076F94EA1FD87F3B0046DF38 /* Main.storyboard in Resources */ = {isa = PBXBuildFile; fileRef = 076F94E81FD87F3B0046DF38 /* Main.storyboard */; };
		076F94EC1FD87F3B0046DF38 /* Assets.xcassets in Resources */ = {isa = PBXBuildFile; fileRef = 076F94EB1FD87F3B0046DF38 /* Assets.xcassets */; };
		076F94EF1FD87F3B0046DF38 /* LaunchScreen.storyboard in Resources */ = {isa = PBXBuildFile; fileRef = 076F94ED1FD87F3B0046DF38 /* LaunchScreen.storyboard */; };
/* End PBXBuildFile section */

/* Begin PBXFileReference section */
		075E56C31FD88A5A00116959 /* MapViewController.swift */ = {isa = PBXFileReference; lastKnownFileType = sourcecode.swift; path = MapViewController.swift; sourceTree = "<group>"; };
		075E56C51FD88FC400116959 /* Place.swift */ = {isa = PBXFileReference; lastKnownFileType = sourcecode.swift; path = Place.swift; sourceTree = "<group>"; };
		076F94E11FD87F3B0046DF38 /* GPSandMAP.app */ = {isa = PBXFileReference; explicitFileType = wrapper.application; includeInIndex = 0; path = GPSandMAP.app; sourceTree = BUILT_PRODUCTS_DIR; };
		076F94E41FD87F3B0046DF38 /* AppDelegate.swift */ = {isa = PBXFileReference; lastKnownFileType = sourcecode.swift; path = AppDelegate.swift; sourceTree = "<group>"; };
		076F94E61FD87F3B0046DF38 /* ViewController.swift */ = {isa = PBXFileReference; lastKnownFileType = sourcecode.swift; path = ViewController.swift; sourceTree = "<group>"; };
		076F94E91FD87F3B0046DF38 /* Base */ = {isa = PBXFileReference; lastKnownFileType = file.storyboard; name = Base; path = Base.lproj/Main.storyboard; sourceTree = "<group>"; };
		076F94EB1FD87F3B0046DF38 /* Assets.xcassets */ = {isa = PBXFileReference; lastKnownFileType = folder.assetcatalog; path = Assets.xcassets; sourceTree = "<group>"; };
		076F94EE1FD87F3B0046DF38 /* Base */ = {isa = PBXFileReference; lastKnownFileType = file.storyboard; name = Base; path = Base.lproj/LaunchScreen.storyboard; sourceTree = "<group>"; };
		076F94F01FD87F3B0046DF38 /* Info.plist */ = {isa = PBXFileReference; lastKnownFileType = text.plist.xml; path = Info.plist; sourceTree = "<group>"; };
/* End PBXFileReference section */

/* Begin PBXFrameworksBuildPhase section */
		076F94DE1FD87F3B0046DF38 /* Frameworks */ = {
			isa = PBXFrameworksBuildPhase;
			buildActionMask = 2147483647;
			files = (
			);
			runOnlyForDeploymentPostprocessing = 0;
		};
/* End PBXFrameworksBuildPhase section */

/* Begin PBXGroup section */
		076F94D81FD87F3B0046DF38 = {
			isa = PBXGroup;
			children = (
				076F94E31FD87F3B0046DF38 /* GPSandMAP */,
				076F94E21FD87F3B0046DF38 /* Products */,
				81EE7CBC20A3451F00F92B04 /* Frameworks */,
			);
			sourceTree = "<group>";
		};
		076F94E21FD87F3B0046DF38 /* Products */ = {
			isa = PBXGroup;
			children = (
				076F94E11FD87F3B0046DF38 /* GPSandMAP.app */,
			);
			name = Products;
			sourceTree = "<group>";
		};
		076F94E31FD87F3B0046DF38 /* GPSandMAP */ = {
			isa = PBXGroup;
			children = (
				076F94E41FD87F3B0046DF38 /* AppDelegate.swift */,
				076F94E61FD87F3B0046DF38 /* ViewController.swift */,
				075E56C31FD88A5A00116959 /* MapViewController.swift */,
				076F94E81FD87F3B0046DF38 /* Main.storyboard */,
				076F94EB1FD87F3B0046DF38 /* Assets.xcassets */,
				076F94ED1FD87F3B0046DF38 /* LaunchScreen.storyboard */,
				076F94F01FD87F3B0046DF38 /* Info.plist */,
				075E56C51FD88FC400116959 /* Place.swift */,
			);
			path = GPSandMAP;
			sourceTree = "<group>";
		};
		81EE7CBC20A3451F00F92B04 /* Frameworks */ = {
			isa = PBXGroup;
			children = (
			);
			name = Frameworks;
			sourceTree = "<group>";
		};
/* End PBXGroup section */

/* Begin PBXNativeTarget section */
		076F94E01FD87F3B0046DF38 /* GPSandMAP */ = {
			isa = PBXNativeTarget;
			buildConfigurationList = 076F94F31FD87F3B0046DF38 /* Build configuration list for PBXNativeTarget "GPSandMAP" */;
			buildPhases = (
				076F94DD1FD87F3B0046DF38 /* Sources */,
				076F94DE1FD87F3B0046DF38 /* Frameworks */,
				076F94DF1FD87F3B0046DF38 /* Resources */,
			);
			buildRules = (
			);
			dependencies = (
			);
			name = GPSandMAP;
			productName = GPSandMAP;
			productReference = 076F94E11FD87F3B0046DF38 /* GPSandMAP.app */;
			productType = "com.apple.product-type.application";
		};
/* End PBXNativeTarget section */

/* Begin PBXProject section */
		076F94D91FD87F3B0046DF38 /* Project object */ = {
			isa = PBXProject;
			attributes = {
				LastSwiftUpdateCheck = 0920;
				LastUpgradeCheck = 0920;
				ORGANIZATIONNAME = "Digital House";
				TargetAttributes = {
					076F94E01FD87F3B0046DF38 = {
						CreatedOnToolsVersion = 9.2;
						ProvisioningStyle = Automatic;
						SystemCapabilities = {
							com.apple.Maps.iOS = {
								enabled = 0;
							};
						};
					};
				};
			};
			buildConfigurationList = 076F94DC1FD87F3B0046DF38 /* Build configuration list for PBXProject "GPSandMAP" */;
			compatibilityVersion = "Xcode 8.0";
			developmentRegion = en;
			hasScannedForEncodings = 0;
			knownRegions = (
				en,
				Base,
			);
			mainGroup = 076F94D81FD87F3B0046DF38;
			productRefGroup = 076F94E21FD87F3B0046DF38 /* Products */;
			projectDirPath = "";
			projectRoot = "";
			targets = (
				076F94E01FD87F3B0046DF38 /* GPSandMAP */,
			);
		};
/* End PBXProject section */

/* Begin PBXResourcesBuildPhase section */
		076F94DF1FD87F3B0046DF38 /* Resources */ = {
			isa = PBXResourcesBuildPhase;
			buildActionMask = 2147483647;
			files = (
				076F94EF1FD87F3B0046DF38 /* LaunchScreen.storyboard in Resources */,
				076F94EC1FD87F3B0046DF38 /* Assets.xcassets in Resources */,
				076F94EA1FD87F3B0046DF38 /* Main.storyboard in Resources */,
			);
			runOnlyForDeploymentPostprocessing = 0;
		};
/* End PBXResourcesBuildPhase section */

/* Begin PBXSourcesBuildPhase section */
		076F94DD1FD87F3B0046DF38 /* Sources */ = {
			isa = PBXSourcesBuildPhase;
			buildActionMask = 2147483647;
			files = (
				076F94E71FD87F3B0046DF38 /* ViewController.swift in Sources */,
				075E56C41FD88A5A00116959 /* MapViewController.swift in Sources */,
				076F94E51FD87F3B0046DF38 /* AppDelegate.swift in Sources */,
				075E56C61FD88FC400116959 /* Place.swift in Sources */,
			);
			runOnlyForDeploymentPostprocessing = 0;
		};
/* End PBXSourcesBuildPhase section */

/* Begin PBXVariantGroup section */
		076F94E81FD87F3B0046DF38 /* Main.storyboard */ = {
			isa = PBXVariantGroup;
			children = (
				076F94E91FD87F3B0046DF38 /* Base */,
			);
			name = Main.storyboard;
			sourceTree = "<group>";
		};
		076F94ED1FD87F3B0046DF38 /* LaunchScreen.storyboard */ = {
			isa = PBXVariantGroup;
			children = (
				076F94EE1FD87F3B0046DF38 /* Base */,
			);
			name = LaunchScreen.storyboard;
			sourceTree = "<group>";
		};
/* End PBXVariantGroup section */

/* Begin XCBuildConfiguration section */
		076F94F11FD87F3B0046DF38 /* Debug */ = {
			isa = XCBuildConfiguration;
			buildSettings = {
				ALWAYS_SEARCH_USER_PATHS = NO;
				CLANG_ANALYZER_NONNULL = YES;
				CLANG_ANALYZER_NUMBER_OBJECT_CONVERSION = YES_AGGRESSIVE;
				CLANG_CXX_LANGUAGE_STANDARD = "gnu++14";
				CLANG_CXX_LIBRARY = "libc++";
				CLANG_ENABLE_MODULES = YES;
				CLANG_ENABLE_OBJC_ARC = YES;
				CLANG_WARN_BLOCK_CAPTURE_AUTORELEASING = YES;
				CLANG_WARN_BOOL_CONVERSION = YES;
				CLANG_WARN_COMMA = YES;
				CLANG_WARN_CONSTANT_CONVERSION = YES;
				CLANG_WARN_DIRECT_OBJC_ISA_USAGE = YES_ERROR;
				CLANG_WARN_DOCUMENTATION_COMMENTS = YES;
				CLANG_WARN_EMPTY_BODY = YES;
				CLANG_WARN_ENUM_CONVERSION = YES;
				CLANG_WARN_INFINITE_RECURSION = YES;
				CLANG_WARN_INT_CONVERSION = YES;
				CLANG_WARN_NON_LITERAL_NULL_CONVERSION = YES;
				CLANG_WARN_OBJC_LITERAL_CONVERSION = YES;
				CLANG_WARN_OBJC_ROOT_CLASS = YES_ERROR;
				CLANG_WARN_RANGE_LOOP_ANALYSIS = YES;
				CLANG_WARN_STRICT_PROTOTYPES = YES;
				CLANG_WARN_SUSPICIOUS_MOVE = YES;
				CLANG_WARN_UNGUARDED_AVAILABILITY = YES_AGGRESSIVE;
				CLANG_WARN_UNREACHABLE_CODE = YES;
				CLANG_WARN__DUPLICATE_METHOD_MATCH = YES;
				CODE_SIGN_IDENTITY = "iPhone Developer";
				COPY_PHASE_STRIP = NO;
				DEBUG_INFORMATION_FORMAT = dwarf;
				ENABLE_STRICT_OBJC_MSGSEND = YES;
				ENABLE_TESTABILITY = YES;
				GCC_C_LANGUAGE_STANDARD = gnu11;
				GCC_DYNAMIC_NO_PIC = NO;
				GCC_NO_COMMON_BLOCKS = YES;
				GCC_OPTIMIZATION_LEVEL = 0;
				GCC_PREPROCESSOR_DEFINITIONS = (
					"DEBUG=1",
					"$(inherited)",
				);
				GCC_WARN_64_TO_32_BIT_CONVERSION = YES;
				GCC_WARN_ABOUT_RETURN_TYPE = YES_ERROR;
				GCC_WARN_UNDECLARED_SELECTOR = YES;
				GCC_WARN_UNINITIALIZED_AUTOS = YES_AGGRESSIVE;
				GCC_WARN_UNUSED_FUNCTION = YES;
				GCC_WARN_UNUSED_VARIABLE = YES;
				IPHONEOS_DEPLOYMENT_TARGET = 11.2;
				MTL_ENABLE_DEBUG_INFO = YES;
				ONLY_ACTIVE_ARCH = YES;
				SDKROOT = iphoneos;
				SWIFT_ACTIVE_COMPILATION_CONDITIONS = DEBUG;
				SWIFT_OPTIMIZATION_LEVEL = "-Onone";
			};
			name = Debug;
		};
		076F94F21FD87F3B0046DF38 /* Release */ = {
			isa = XCBuildConfiguration;
			buildSettings = {
				ALWAYS_SEARCH_USER_PATHS = NO;
				CLANG_ANALYZER_NONNULL = YES;
				CLANG_ANALYZER_NUMBER_OBJECT_CONVERSION = YES_AGGRESSIVE;
				CLANG_CXX_LANGUAGE_STANDARD = "gnu++14";
				CLANG_CXX_LIBRARY = "libc++";
				CLANG_ENABLE_MODULES = YES;
				CLANG_ENABLE_OBJC_ARC = YES;
				CLANG_WARN_BLOCK_CAPTURE_AUTORELEASING = YES;
				CLANG_WARN_BOOL_CONVERSION = YES;
				CLANG_WARN_COMMA = YES;
				CLANG_WARN_CONSTANT_CONVERSION = YES;
				CLANG_WARN_DIRECT_OBJC_ISA_USAGE = YES_ERROR;
				CLANG_WARN_DOCUMENTATION_COMMENTS = YES;
				CLANG_WARN_EMPTY_BODY = YES;
				CLANG_WARN_ENUM_CONVERSION = YES;
				CLANG_WARN_INFINITE_RECURSION = YES;
				CLANG_WARN_INT_CONVERSION = YES;
				CLANG_WARN_NON_LITERAL_NULL_CONVERSION = YES;
				CLANG_WARN_OBJC_LITERAL_CONVERSION = YES;
				CLANG_WARN_OBJC_ROOT_CLASS = YES_ERROR;
				CLANG_WARN_RANGE_LOOP_ANALYSIS = YES;
				CLANG_WARN_STRICT_PROTOTYPES = YES;
				CLANG_WARN_SUSPICIOUS_MOVE = YES;
				CLANG_WARN_UNGUARDED_AVAILABILITY = YES_AGGRESSIVE;
				CLANG_WARN_UNREACHABLE_CODE = YES;
				CLANG_WARN__DUPLICATE_METHOD_MATCH = YES;
				CODE_SIGN_IDENTITY = "iPhone Developer";
				COPY_PHASE_STRIP = NO;
				DEBUG_INFORMATION_FORMAT = "dwarf-with-dsym";
				ENABLE_NS_ASSERTIONS = NO;
				ENABLE_STRICT_OBJC_MSGSEND = YES;
				GCC_C_LANGUAGE_STANDARD = gnu11;
				GCC_NO_COMMON_BLOCKS = YES;
				GCC_WARN_64_TO_32_BIT_CONVERSION = YES;
				GCC_WARN_ABOUT_RETURN_TYPE = YES_ERROR;
				GCC_WARN_UNDECLARED_SELECTOR = YES;
				GCC_WARN_UNINITIALIZED_AUTOS = YES_AGGRESSIVE;
				GCC_WARN_UNUSED_FUNCTION = YES;
				GCC_WARN_UNUSED_VARIABLE = YES;
				IPHONEOS_DEPLOYMENT_TARGET = 11.2;
				MTL_ENABLE_DEBUG_INFO = NO;
				SDKROOT = iphoneos;
				SWIFT_OPTIMIZATION_LEVEL = "-Owholemodule";
				VALIDATE_PRODUCT = YES;
			};
			name = Release;
		};
		076F94F41FD87F3B0046DF38 /* Debug */ = {
			isa = XCBuildConfiguration;
			buildSettings = {
				ASSETCATALOG_COMPILER_APPICON_NAME = AppIcon;
				CODE_SIGN_STYLE = Automatic;
				DEVELOPMENT_TEAM = 372C5R487G;
				INFOPLIST_FILE = GPSandMAP/Info.plist;
				LD_RUNPATH_SEARCH_PATHS = "$(inherited) @executable_path/Frameworks";
				PRODUCT_BUNDLE_IDENTIFIER = com.dh.GPSandMAP;
				PRODUCT_NAME = "$(TARGET_NAME)";
				SWIFT_VERSION = 4.0;
				TARGETED_DEVICE_FAMILY = "1,2";
			};
			name = Debug;
		};
		076F94F51FD87F3B0046DF38 /* Release */ = {
			isa = XCBuildConfiguration;
			buildSettings = {
				ASSETCATALOG_COMPILER_APPICON_NAME = AppIcon;
				CODE_SIGN_STYLE = Automatic;
				DEVELOPMENT_TEAM = 372C5R487G;
				INFOPLIST_FILE = GPSandMAP/Info.plist;
				LD_RUNPATH_SEARCH_PATHS = "$(inherited) @executable_path/Frameworks";
				PRODUCT_BUNDLE_IDENTIFIER = com.dh.GPSandMAP;
				PRODUCT_NAME = "$(TARGET_NAME)";
				SWIFT_VERSION = 4.0;
				TARGETED_DEVICE_FAMILY = "1,2";
			};
			name = Release;
		};
/* End XCBuildConfiguration section */

/* Begin XCConfigurationList section */
		076F94DC1FD87F3B0046DF38 /* Build configuration list for PBXProject "GPSandMAP" */ = {
			isa = XCConfigurationList;
			buildConfigurations = (
				076F94F11FD87F3B0046DF38 /* Debug */,
				076F94F21FD87F3B0046DF38 /* Release */,
			);
			defaultConfigurationIsVisible = 0;
			defaultConfigurationName = Release;
		};
		076F94F31FD87F3B0046DF38 /* Build configuration list for PBXNativeTarget "GPSandMAP" */ = {
			isa = XCConfigurationList;
			buildConfigurations = (
				076F94F41FD87F3B0046DF38 /* Debug */,
				076F94F51FD87F3B0046DF38 /* Release */,
			);
			defaultConfigurationIsVisible = 0;
			defaultConfigurationName = Release;
		};
/* End XCConfigurationList section */
	};
	rootObject = 076F94D91FD87F3B0046DF38 /* Project object */;
}
