// !$*UTF8*$!
{
	archiveVersion = 1;
	classes = {
	};
	objectVersion = 48;
	objects = {

/* Begin PBXBuildFile section */
		3D5DA9772093D4A000F5A10C /* CustomTableViewCell.swift in Sources */ = {isa = PBXBuildFile; fileRef = 3D5DA9762093D4A000F5A10C /* CustomTableViewCell.swift */; };
		3DB5D629209150D700CFAEFD /* AppDelegate.swift in Sources */ = {isa = PBXBuildFile; fileRef = 3DB5D628209150D700CFAEFD /* AppDelegate.swift */; };
		3DB5D62E209150D700CFAEFD /* Main.storyboard in Resources */ = {isa = PBXBuildFile; fileRef = 3DB5D62C209150D700CFAEFD /* Main.storyboard */; };
		3DB5D630209150D800CFAEFD /* Assets.xcassets in Resources */ = {isa = PBXBuildFile; fileRef = 3DB5D62F209150D800CFAEFD /* Assets.xcassets */; };
		3DB5D633209150D800CFAEFD /* LaunchScreen.storyboard in Resources */ = {isa = PBXBuildFile; fileRef = 3DB5D631209150D800CFAEFD /* LaunchScreen.storyboard */; };
		3DB5D63B209151FD00CFAEFD /* WeatherTableViewController.swift in Sources */ = {isa = PBXBuildFile; fileRef = 3DB5D63A209151FD00CFAEFD /* WeatherTableViewController.swift */; };
		3DB5D63D209152A900CFAEFD /* City.swift in Sources */ = {isa = PBXBuildFile; fileRef = 3DB5D63C209152A900CFAEFD /* City.swift */; };
/* End PBXBuildFile section */

/* Begin PBXFileReference section */
		3D5DA9762093D4A000F5A10C /* CustomTableViewCell.swift */ = {isa = PBXFileReference; lastKnownFileType = sourcecode.swift; path = CustomTableViewCell.swift; sourceTree = "<group>"; };
		3DB5D625209150D700CFAEFD /* WeatherWorld.app */ = {isa = PBXFileReference; explicitFileType = wrapper.application; includeInIndex = 0; path = WeatherWorld.app; sourceTree = BUILT_PRODUCTS_DIR; };
		3DB5D628209150D700CFAEFD /* AppDelegate.swift */ = {isa = PBXFileReference; lastKnownFileType = sourcecode.swift; path = AppDelegate.swift; sourceTree = "<group>"; };
		3DB5D62D209150D700CFAEFD /* Base */ = {isa = PBXFileReference; lastKnownFileType = file.storyboard; name = Base; path = Base.lproj/Main.storyboard; sourceTree = "<group>"; };
		3DB5D62F209150D800CFAEFD /* Assets.xcassets */ = {isa = PBXFileReference; lastKnownFileType = folder.assetcatalog; path = Assets.xcassets; sourceTree = "<group>"; };
		3DB5D632209150D800CFAEFD /* Base */ = {isa = PBXFileReference; lastKnownFileType = file.storyboard; name = Base; path = Base.lproj/LaunchScreen.storyboard; sourceTree = "<group>"; };
		3DB5D634209150D800CFAEFD /* Info.plist */ = {isa = PBXFileReference; lastKnownFileType = text.plist.xml; path = Info.plist; sourceTree = "<group>"; };
		3DB5D63A209151FD00CFAEFD /* WeatherTableViewController.swift */ = {isa = PBXFileReference; lastKnownFileType = sourcecode.swift; path = WeatherTableViewController.swift; sourceTree = "<group>"; };
		3DB5D63C209152A900CFAEFD /* City.swift */ = {isa = PBXFileReference; lastKnownFileType = sourcecode.swift; path = City.swift; sourceTree = "<group>"; };
/* End PBXFileReference section */

/* Begin PBXFrameworksBuildPhase section */
		3DB5D622209150D700CFAEFD /* Frameworks */ = {
			isa = PBXFrameworksBuildPhase;
			buildActionMask = 2147483647;
			files = (
			);
			runOnlyForDeploymentPostprocessing = 0;
		};
/* End PBXFrameworksBuildPhase section */

/* Begin PBXGroup section */
		3DB5D61C209150D700CFAEFD = {
			isa = PBXGroup;
			children = (
				3DB5D627209150D700CFAEFD /* WeatherWorld */,
				3DB5D626209150D700CFAEFD /* Products */,
			);
			sourceTree = "<group>";
		};
		3DB5D626209150D700CFAEFD /* Products */ = {
			isa = PBXGroup;
			children = (
				3DB5D625209150D700CFAEFD /* WeatherWorld.app */,
			);
			name = Products;
			sourceTree = "<group>";
		};
		3DB5D627209150D700CFAEFD /* WeatherWorld */ = {
			isa = PBXGroup;
			children = (
				3DB5D628209150D700CFAEFD /* AppDelegate.swift */,
				3DB5D62C209150D700CFAEFD /* Main.storyboard */,
				3DB5D62F209150D800CFAEFD /* Assets.xcassets */,
				3DB5D631209150D800CFAEFD /* LaunchScreen.storyboard */,
				3DB5D634209150D800CFAEFD /* Info.plist */,
				3DB5D63A209151FD00CFAEFD /* WeatherTableViewController.swift */,
				3DB5D63C209152A900CFAEFD /* City.swift */,
				3D5DA9762093D4A000F5A10C /* CustomTableViewCell.swift */,
			);
			path = WeatherWorld;
			sourceTree = "<group>";
		};
/* End PBXGroup section */

/* Begin PBXNativeTarget section */
		3DB5D624209150D700CFAEFD /* WeatherWorld */ = {
			isa = PBXNativeTarget;
			buildConfigurationList = 3DB5D637209150D800CFAEFD /* Build configuration list for PBXNativeTarget "WeatherWorld" */;
			buildPhases = (
				3DB5D621209150D700CFAEFD /* Sources */,
				3DB5D622209150D700CFAEFD /* Frameworks */,
				3DB5D623209150D700CFAEFD /* Resources */,
			);
			buildRules = (
			);
			dependencies = (
			);
			name = WeatherWorld;
			productName = WeatherWorld;
			productReference = 3DB5D625209150D700CFAEFD /* WeatherWorld.app */;
			productType = "com.apple.product-type.application";
		};
/* End PBXNativeTarget section */

/* Begin PBXProject section */
		3DB5D61D209150D700CFAEFD /* Project object */ = {
			isa = PBXProject;
			attributes = {
				LastSwiftUpdateCheck = 0920;
				LastUpgradeCheck = 0920;
				ORGANIZATIONNAME = Gaston;
				TargetAttributes = {
					3DB5D624209150D700CFAEFD = {
						CreatedOnToolsVersion = 9.2;
						ProvisioningStyle = Automatic;
					};
				};
			};
			buildConfigurationList = 3DB5D620209150D700CFAEFD /* Build configuration list for PBXProject "WeatherWorld" */;
			compatibilityVersion = "Xcode 8.0";
			developmentRegion = en;
			hasScannedForEncodings = 0;
			knownRegions = (
				en,
				Base,
			);
			mainGroup = 3DB5D61C209150D700CFAEFD;
			productRefGroup = 3DB5D626209150D700CFAEFD /* Products */;
			projectDirPath = "";
			projectRoot = "";
			targets = (
				3DB5D624209150D700CFAEFD /* WeatherWorld */,
			);
		};
/* End PBXProject section */

/* Begin PBXResourcesBuildPhase section */
		3DB5D623209150D700CFAEFD /* Resources */ = {
			isa = PBXResourcesBuildPhase;
			buildActionMask = 2147483647;
			files = (
				3DB5D633209150D800CFAEFD /* LaunchScreen.storyboard in Resources */,
				3DB5D630209150D800CFAEFD /* Assets.xcassets in Resources */,
				3DB5D62E209150D700CFAEFD /* Main.storyboard in Resources */,
			);
			runOnlyForDeploymentPostprocessing = 0;
		};
/* End PBXResourcesBuildPhase section */

/* Begin PBXSourcesBuildPhase section */
		3DB5D621209150D700CFAEFD /* Sources */ = {
			isa = PBXSourcesBuildPhase;
			buildActionMask = 2147483647;
			files = (
				3DB5D63B209151FD00CFAEFD /* WeatherTableViewController.swift in Sources */,
				3DB5D629209150D700CFAEFD /* AppDelegate.swift in Sources */,
				3D5DA9772093D4A000F5A10C /* CustomTableViewCell.swift in Sources */,
				3DB5D63D209152A900CFAEFD /* City.swift in Sources */,
			);
			runOnlyForDeploymentPostprocessing = 0;
		};
/* End PBXSourcesBuildPhase section */

/* Begin PBXVariantGroup section */
		3DB5D62C209150D700CFAEFD /* Main.storyboard */ = {
			isa = PBXVariantGroup;
			children = (
				3DB5D62D209150D700CFAEFD /* Base */,
			);
			name = Main.storyboard;
			sourceTree = "<group>";
		};
		3DB5D631209150D800CFAEFD /* LaunchScreen.storyboard */ = {
			isa = PBXVariantGroup;
			children = (
				3DB5D632209150D800CFAEFD /* Base */,
			);
			name = LaunchScreen.storyboard;
			sourceTree = "<group>";
		};
/* End PBXVariantGroup section */

/* Begin XCBuildConfiguration section */
		3DB5D635209150D800CFAEFD /* Debug */ = {
			isa = XCBuildConfiguration;
			buildSettings = {
				ALWAYS_SEARCH_USER_PATHS = NO;
				CLANG_ANALYZER_NONNULL = YES;
				CLANG_ANALYZER_NUMBER_OBJECT_CONVERSION = YES_AGGRESSIVE;
				CLANG_CXX_LANGUAGE_STANDARD = "gnu++14";
				CLANG_CXX_LIBRARY = "libc++";
				CLANG_ENABLE_MODULES = YES;
				CLANG_ENABLE_OBJC_ARC = YES;
				CLANG_WARN_BLOCK_CAPTURE_AUTORELEASING = YES;
				CLANG_WARN_BOOL_CONVERSION = YES;
				CLANG_WARN_COMMA = YES;
				CLANG_WARN_CONSTANT_CONVERSION = YES;
				CLANG_WARN_DIRECT_OBJC_ISA_USAGE = YES_ERROR;
				CLANG_WARN_DOCUMENTATION_COMMENTS = YES;
				CLANG_WARN_EMPTY_BODY = YES;
				CLANG_WARN_ENUM_CONVERSION = YES;
				CLANG_WARN_INFINITE_RECURSION = YES;
				CLANG_WARN_INT_CONVERSION = YES;
				CLANG_WARN_NON_LITERAL_NULL_CONVERSION = YES;
				CLANG_WARN_OBJC_LITERAL_CONVERSION = YES;
				CLANG_WARN_OBJC_ROOT_CLASS = YES_ERROR;
				CLANG_WARN_RANGE_LOOP_ANALYSIS = YES;
				CLANG_WARN_STRICT_PROTOTYPES = YES;
				CLANG_WARN_SUSPICIOUS_MOVE = YES;
				CLANG_WARN_UNGUARDED_AVAILABILITY = YES_AGGRESSIVE;
				CLANG_WARN_UNREACHABLE_CODE = YES;
				CLANG_WARN__DUPLICATE_METHOD_MATCH = YES;
				CODE_SIGN_IDENTITY = "iPhone Developer";
				COPY_PHASE_STRIP = NO;
				DEBUG_INFORMATION_FORMAT = dwarf;
				ENABLE_STRICT_OBJC_MSGSEND = YES;
				ENABLE_TESTABILITY = YES;
				GCC_C_LANGUAGE_STANDARD = gnu11;
				GCC_DYNAMIC_NO_PIC = NO;
				GCC_NO_COMMON_BLOCKS = YES;
				GCC_OPTIMIZATION_LEVEL = 0;
				GCC_PREPROCESSOR_DEFINITIONS = (
					"DEBUG=1",
					"$(inherited)",
				);
				GCC_WARN_64_TO_32_BIT_CONVERSION = YES;
				GCC_WARN_ABOUT_RETURN_TYPE = YES_ERROR;
				GCC_WARN_UNDECLARED_SELECTOR = YES;
				GCC_WARN_UNINITIALIZED_AUTOS = YES_AGGRESSIVE;
				GCC_WARN_UNUSED_FUNCTION = YES;
				GCC_WARN_UNUSED_VARIABLE = YES;
				IPHONEOS_DEPLOYMENT_TARGET = 11.2;
				MTL_ENABLE_DEBUG_INFO = YES;
				ONLY_ACTIVE_ARCH = YES;
				SDKROOT = iphoneos;
				SWIFT_ACTIVE_COMPILATION_CONDITIONS = DEBUG;
				SWIFT_OPTIMIZATION_LEVEL = "-Onone";
			};
			name = Debug;
		};
		3DB5D636209150D800CFAEFD /* Release */ = {
			isa = XCBuildConfiguration;
			buildSettings = {
				ALWAYS_SEARCH_USER_PATHS = NO;
				CLANG_ANALYZER_NONNULL = YES;
				CLANG_ANALYZER_NUMBER_OBJECT_CONVERSION = YES_AGGRESSIVE;
				CLANG_CXX_LANGUAGE_STANDARD = "gnu++14";
				CLANG_CXX_LIBRARY = "libc++";
				CLANG_ENABLE_MODULES = YES;
				CLANG_ENABLE_OBJC_ARC = YES;
				CLANG_WARN_BLOCK_CAPTURE_AUTORELEASING = YES;
				CLANG_WARN_BOOL_CONVERSION = YES;
				CLANG_WARN_COMMA = YES;
				CLANG_WARN_CONSTANT_CONVERSION = YES;
				CLANG_WARN_DIRECT_OBJC_ISA_USAGE = YES_ERROR;
				CLANG_WARN_DOCUMENTATION_COMMENTS = YES;
				CLANG_WARN_EMPTY_BODY = YES;
				CLANG_WARN_ENUM_CONVERSION = YES;
				CLANG_WARN_INFINITE_RECURSION = YES;
				CLANG_WARN_INT_CONVERSION = YES;
				CLANG_WARN_NON_LITERAL_NULL_CONVERSION = YES;
				CLANG_WARN_OBJC_LITERAL_CONVERSION = YES;
				CLANG_WARN_OBJC_ROOT_CLASS = YES_ERROR;
				CLANG_WARN_RANGE_LOOP_ANALYSIS = YES;
				CLANG_WARN_STRICT_PROTOTYPES = YES;
				CLANG_WARN_SUSPICIOUS_MOVE = YES;
				CLANG_WARN_UNGUARDED_AVAILABILITY = YES_AGGRESSIVE;
				CLANG_WARN_UNREACHABLE_CODE = YES;
				CLANG_WARN__DUPLICATE_METHOD_MATCH = YES;
				CODE_SIGN_IDENTITY = "iPhone Developer";
				COPY_PHASE_STRIP = NO;
				DEBUG_INFORMATION_FORMAT = "dwarf-with-dsym";
				ENABLE_NS_ASSERTIONS = NO;
				ENABLE_STRICT_OBJC_MSGSEND = YES;
				GCC_C_LANGUAGE_STANDARD = gnu11;
				GCC_NO_COMMON_BLOCKS = YES;
				GCC_WARN_64_TO_32_BIT_CONVERSION = YES;
				GCC_WARN_ABOUT_RETURN_TYPE = YES_ERROR;
				GCC_WARN_UNDECLARED_SELECTOR = YES;
				GCC_WARN_UNINITIALIZED_AUTOS = YES_AGGRESSIVE;
				GCC_WARN_UNUSED_FUNCTION = YES;
				GCC_WARN_UNUSED_VARIABLE = YES;
				IPHONEOS_DEPLOYMENT_TARGET = 11.2;
				MTL_ENABLE_DEBUG_INFO = NO;
				SDKROOT = iphoneos;
				SWIFT_OPTIMIZATION_LEVEL = "-Owholemodule";
				VALIDATE_PRODUCT = YES;
			};
			name = Release;
		};
		3DB5D638209150D800CFAEFD /* Debug */ = {
			isa = XCBuildConfiguration;
			buildSettings = {
				ASSETCATALOG_COMPILER_APPICON_NAME = AppIcon;
				CODE_SIGN_STYLE = Automatic;
				INFOPLIST_FILE = WeatherWorld/Info.plist;
				LD_RUNPATH_SEARCH_PATHS = "$(inherited) @executable_path/Frameworks";
				PRODUCT_BUNDLE_IDENTIFIER = com.Roos.WeatherWorld;
				PRODUCT_NAME = "$(TARGET_NAME)";
				SWIFT_VERSION = 4.0;
				TARGETED_DEVICE_FAMILY = "1,2";
			};
			name = Debug;
		};
		3DB5D639209150D800CFAEFD /* Release */ = {
			isa = XCBuildConfiguration;
			buildSettings = {
				ASSETCATALOG_COMPILER_APPICON_NAME = AppIcon;
				CODE_SIGN_STYLE = Automatic;
				INFOPLIST_FILE = WeatherWorld/Info.plist;
				LD_RUNPATH_SEARCH_PATHS = "$(inherited) @executable_path/Frameworks";
				PRODUCT_BUNDLE_IDENTIFIER = com.Roos.WeatherWorld;
				PRODUCT_NAME = "$(TARGET_NAME)";
				SWIFT_VERSION = 4.0;
				TARGETED_DEVICE_FAMILY = "1,2";
			};
			name = Release;
		};
/* End XCBuildConfiguration section */

/* Begin XCConfigurationList section */
		3DB5D620209150D700CFAEFD /* Build configuration list for PBXProject "WeatherWorld" */ = {
			isa = XCConfigurationList;
			buildConfigurations = (
				3DB5D635209150D800CFAEFD /* Debug */,
				3DB5D636209150D800CFAEFD /* Release */,
			);
			defaultConfigurationIsVisible = 0;
			defaultConfigurationName = Release;
		};
		3DB5D637209150D800CFAEFD /* Build configuration list for PBXNativeTarget "WeatherWorld" */ = {
			isa = XCConfigurationList;
			buildConfigurations = (
				3DB5D638209150D800CFAEFD /* Debug */,
				3DB5D639209150D800CFAEFD /* Release */,
			);
			defaultConfigurationIsVisible = 0;
			defaultConfigurationName = Release;
		};
/* End XCConfigurationList section */
	};
	rootObject = 3DB5D61D209150D700CFAEFD /* Project object */;
}
