// !$*UTF8*$!
{
	archiveVersion = 1;
	classes = {
	};
	objectVersion = 48;
	objects = {

/* Begin PBXBuildFile section */
		3D401478208D398B00F06CDD /* AppDelegate.swift in Sources */ = {isa = PBXBuildFile; fileRef = 3D401477208D398B00F06CDD /* AppDelegate.swift */; };
		3D40147A208D398B00F06CDD /* ViewController.swift in Sources */ = {isa = PBXBuildFile; fileRef = 3D401479208D398B00F06CDD /* ViewController.swift */; };
		3D40147D208D398B00F06CDD /* Main.storyboard in Resources */ = {isa = PBXBuildFile; fileRef = 3D40147B208D398B00F06CDD /* Main.storyboard */; };
		3D40147F208D398B00F06CDD /* Assets.xcassets in Resources */ = {isa = PBXBuildFile; fileRef = 3D40147E208D398B00F06CDD /* Assets.xcassets */; };
		3D401482208D398B00F06CDD /* LaunchScreen.storyboard in Resources */ = {isa = PBXBuildFile; fileRef = 3D401480208D398B00F06CDD /* LaunchScreen.storyboard */; };
		3D40148A208D39D800F06CDD /* DadosViewController.swift in Sources */ = {isa = PBXBuildFile; fileRef = 3D401489208D39D800F06CDD /* DadosViewController.swift */; };
		3D40148C208D39EB00F06CDD /* CartasViewController.swift in Sources */ = {isa = PBXBuildFile; fileRef = 3D40148B208D39EB00F06CDD /* CartasViewController.swift */; };
		3D40148E208D3C8700F06CDD /* Dados.swift in Sources */ = {isa = PBXBuildFile; fileRef = 3D40148D208D3C8700F06CDD /* Dados.swift */; };
		3D401490208D3C9700F06CDD /* Cartas.swift in Sources */ = {isa = PBXBuildFile; fileRef = 3D40148F208D3C9700F06CDD /* Cartas.swift */; };
/* End PBXBuildFile section */

/* Begin PBXFileReference section */
		3D401474208D398B00F06CDD /* Timba.app */ = {isa = PBXFileReference; explicitFileType = wrapper.application; includeInIndex = 0; path = Timba.app; sourceTree = BUILT_PRODUCTS_DIR; };
		3D401477208D398B00F06CDD /* AppDelegate.swift */ = {isa = PBXFileReference; lastKnownFileType = sourcecode.swift; path = AppDelegate.swift; sourceTree = "<group>"; };
		3D401479208D398B00F06CDD /* ViewController.swift */ = {isa = PBXFileReference; lastKnownFileType = sourcecode.swift; path = ViewController.swift; sourceTree = "<group>"; };
		3D40147C208D398B00F06CDD /* Base */ = {isa = PBXFileReference; lastKnownFileType = file.storyboard; name = Base; path = Base.lproj/Main.storyboard; sourceTree = "<group>"; };
		3D40147E208D398B00F06CDD /* Assets.xcassets */ = {isa = PBXFileReference; lastKnownFileType = folder.assetcatalog; path = Assets.xcassets; sourceTree = "<group>"; };
		3D401481208D398B00F06CDD /* Base */ = {isa = PBXFileReference; lastKnownFileType = file.storyboard; name = Base; path = Base.lproj/LaunchScreen.storyboard; sourceTree = "<group>"; };
		3D401483208D398B00F06CDD /* Info.plist */ = {isa = PBXFileReference; lastKnownFileType = text.plist.xml; path = Info.plist; sourceTree = "<group>"; };
		3D401489208D39D800F06CDD /* DadosViewController.swift */ = {isa = PBXFileReference; lastKnownFileType = sourcecode.swift; path = DadosViewController.swift; sourceTree = "<group>"; };
		3D40148B208D39EB00F06CDD /* CartasViewController.swift */ = {isa = PBXFileReference; lastKnownFileType = sourcecode.swift; path = CartasViewController.swift; sourceTree = "<group>"; };
		3D40148D208D3C8700F06CDD /* Dados.swift */ = {isa = PBXFileReference; lastKnownFileType = sourcecode.swift; path = Dados.swift; sourceTree = "<group>"; };
		3D40148F208D3C9700F06CDD /* Cartas.swift */ = {isa = PBXFileReference; lastKnownFileType = sourcecode.swift; path = Cartas.swift; sourceTree = "<group>"; };
/* End PBXFileReference section */

/* Begin PBXFrameworksBuildPhase section */
		3D401471208D398B00F06CDD /* Frameworks */ = {
			isa = PBXFrameworksBuildPhase;
			buildActionMask = 2147483647;
			files = (
			);
			runOnlyForDeploymentPostprocessing = 0;
		};
/* End PBXFrameworksBuildPhase section */

/* Begin PBXGroup section */
		3D40146B208D398B00F06CDD = {
			isa = PBXGroup;
			children = (
				3D401476208D398B00F06CDD /* Timba */,
				3D401475208D398B00F06CDD /* Products */,
			);
			sourceTree = "<group>";
		};
		3D401475208D398B00F06CDD /* Products */ = {
			isa = PBXGroup;
			children = (
				3D401474208D398B00F06CDD /* Timba.app */,
			);
			name = Products;
			sourceTree = "<group>";
		};
		3D401476208D398B00F06CDD /* Timba */ = {
			isa = PBXGroup;
			children = (
				3D401477208D398B00F06CDD /* AppDelegate.swift */,
				3D401479208D398B00F06CDD /* ViewController.swift */,
				3D40147B208D398B00F06CDD /* Main.storyboard */,
				3D40147E208D398B00F06CDD /* Assets.xcassets */,
				3D401480208D398B00F06CDD /* LaunchScreen.storyboard */,
				3D401483208D398B00F06CDD /* Info.plist */,
				3D401489208D39D800F06CDD /* DadosViewController.swift */,
				3D40148B208D39EB00F06CDD /* CartasViewController.swift */,
				3D40148D208D3C8700F06CDD /* Dados.swift */,
				3D40148F208D3C9700F06CDD /* Cartas.swift */,
			);
			path = Timba;
			sourceTree = "<group>";
		};
/* End PBXGroup section */

/* Begin PBXNativeTarget section */
		3D401473208D398B00F06CDD /* Timba */ = {
			isa = PBXNativeTarget;
			buildConfigurationList = 3D401486208D398B00F06CDD /* Build configuration list for PBXNativeTarget "Timba" */;
			buildPhases = (
				3D401470208D398B00F06CDD /* Sources */,
				3D401471208D398B00F06CDD /* Frameworks */,
				3D401472208D398B00F06CDD /* Resources */,
			);
			buildRules = (
			);
			dependencies = (
			);
			name = Timba;
			productName = Timba;
			productReference = 3D401474208D398B00F06CDD /* Timba.app */;
			productType = "com.apple.product-type.application";
		};
/* End PBXNativeTarget section */

/* Begin PBXProject section */
		3D40146C208D398B00F06CDD /* Project object */ = {
			isa = PBXProject;
			attributes = {
				LastSwiftUpdateCheck = 0920;
				LastUpgradeCheck = 0920;
				ORGANIZATIONNAME = Gaston;
				TargetAttributes = {
					3D401473208D398B00F06CDD = {
						CreatedOnToolsVersion = 9.2;
						ProvisioningStyle = Automatic;
					};
				};
			};
			buildConfigurationList = 3D40146F208D398B00F06CDD /* Build configuration list for PBXProject "Timba" */;
			compatibilityVersion = "Xcode 8.0";
			developmentRegion = en;
			hasScannedForEncodings = 0;
			knownRegions = (
				en,
				Base,
			);
			mainGroup = 3D40146B208D398B00F06CDD;
			productRefGroup = 3D401475208D398B00F06CDD /* Products */;
			projectDirPath = "";
			projectRoot = "";
			targets = (
				3D401473208D398B00F06CDD /* Timba */,
			);
		};
/* End PBXProject section */

/* Begin PBXResourcesBuildPhase section */
		3D401472208D398B00F06CDD /* Resources */ = {
			isa = PBXResourcesBuildPhase;
			buildActionMask = 2147483647;
			files = (
				3D401482208D398B00F06CDD /* LaunchScreen.storyboard in Resources */,
				3D40147F208D398B00F06CDD /* Assets.xcassets in Resources */,
				3D40147D208D398B00F06CDD /* Main.storyboard in Resources */,
			);
			runOnlyForDeploymentPostprocessing = 0;
		};
/* End PBXResourcesBuildPhase section */

/* Begin PBXSourcesBuildPhase section */
		3D401470208D398B00F06CDD /* Sources */ = {
			isa = PBXSourcesBuildPhase;
			buildActionMask = 2147483647;
			files = (
				3D40148A208D39D800F06CDD /* DadosViewController.swift in Sources */,
				3D40147A208D398B00F06CDD /* ViewController.swift in Sources */,
				3D40148C208D39EB00F06CDD /* CartasViewController.swift in Sources */,
				3D401478208D398B00F06CDD /* AppDelegate.swift in Sources */,
				3D40148E208D3C8700F06CDD /* Dados.swift in Sources */,
				3D401490208D3C9700F06CDD /* Cartas.swift in Sources */,
			);
			runOnlyForDeploymentPostprocessing = 0;
		};
/* End PBXSourcesBuildPhase section */

/* Begin PBXVariantGroup section */
		3D40147B208D398B00F06CDD /* Main.storyboard */ = {
			isa = PBXVariantGroup;
			children = (
				3D40147C208D398B00F06CDD /* Base */,
			);
			name = Main.storyboard;
			sourceTree = "<group>";
		};
		3D401480208D398B00F06CDD /* LaunchScreen.storyboard */ = {
			isa = PBXVariantGroup;
			children = (
				3D401481208D398B00F06CDD /* Base */,
			);
			name = LaunchScreen.storyboard;
			sourceTree = "<group>";
		};
/* End PBXVariantGroup section */

/* Begin XCBuildConfiguration section */
		3D401484208D398B00F06CDD /* Debug */ = {
			isa = XCBuildConfiguration;
			buildSettings = {
				ALWAYS_SEARCH_USER_PATHS = NO;
				CLANG_ANALYZER_NONNULL = YES;
				CLANG_ANALYZER_NUMBER_OBJECT_CONVERSION = YES_AGGRESSIVE;
				CLANG_CXX_LANGUAGE_STANDARD = "gnu++14";
				CLANG_CXX_LIBRARY = "libc++";
				CLANG_ENABLE_MODULES = YES;
				CLANG_ENABLE_OBJC_ARC = YES;
				CLANG_WARN_BLOCK_CAPTURE_AUTORELEASING = YES;
				CLANG_WARN_BOOL_CONVERSION = YES;
				CLANG_WARN_COMMA = YES;
				CLANG_WARN_CONSTANT_CONVERSION = YES;
				CLANG_WARN_DIRECT_OBJC_ISA_USAGE = YES_ERROR;
				CLANG_WARN_DOCUMENTATION_COMMENTS = YES;
				CLANG_WARN_EMPTY_BODY = YES;
				CLANG_WARN_ENUM_CONVERSION = YES;
				CLANG_WARN_INFINITE_RECURSION = YES;
				CLANG_WARN_INT_CONVERSION = YES;
				CLANG_WARN_NON_LITERAL_NULL_CONVERSION = YES;
				CLANG_WARN_OBJC_LITERAL_CONVERSION = YES;
				CLANG_WARN_OBJC_ROOT_CLASS = YES_ERROR;
				CLANG_WARN_RANGE_LOOP_ANALYSIS = YES;
				CLANG_WARN_STRICT_PROTOTYPES = YES;
				CLANG_WARN_SUSPICIOUS_MOVE = YES;
				CLANG_WARN_UNGUARDED_AVAILABILITY = YES_AGGRESSIVE;
				CLANG_WARN_UNREACHABLE_CODE = YES;
				CLANG_WARN__DUPLICATE_METHOD_MATCH = YES;
				CODE_SIGN_IDENTITY = "iPhone Developer";
				COPY_PHASE_STRIP = NO;
				DEBUG_INFORMATION_FORMAT = dwarf;
				ENABLE_STRICT_OBJC_MSGSEND = YES;
				ENABLE_TESTABILITY = YES;
				GCC_C_LANGUAGE_STANDARD = gnu11;
				GCC_DYNAMIC_NO_PIC = NO;
				GCC_NO_COMMON_BLOCKS = YES;
				GCC_OPTIMIZATION_LEVEL = 0;
				GCC_PREPROCESSOR_DEFINITIONS = (
					"DEBUG=1",
					"$(inherited)",
				);
				GCC_WARN_64_TO_32_BIT_CONVERSION = YES;
				GCC_WARN_ABOUT_RETURN_TYPE = YES_ERROR;
				GCC_WARN_UNDECLARED_SELECTOR = YES;
				GCC_WARN_UNINITIALIZED_AUTOS = YES_AGGRESSIVE;
				GCC_WARN_UNUSED_FUNCTION = YES;
				GCC_WARN_UNUSED_VARIABLE = YES;
				IPHONEOS_DEPLOYMENT_TARGET = 11.2;
				MTL_ENABLE_DEBUG_INFO = YES;
				ONLY_ACTIVE_ARCH = YES;
				SDKROOT = iphoneos;
				SWIFT_ACTIVE_COMPILATION_CONDITIONS = DEBUG;
				SWIFT_OPTIMIZATION_LEVEL = "-Onone";
			};
			name = Debug;
		};
		3D401485208D398B00F06CDD /* Release */ = {
			isa = XCBuildConfiguration;
			buildSettings = {
				ALWAYS_SEARCH_USER_PATHS = NO;
				CLANG_ANALYZER_NONNULL = YES;
				CLANG_ANALYZER_NUMBER_OBJECT_CONVERSION = YES_AGGRESSIVE;
				CLANG_CXX_LANGUAGE_STANDARD = "gnu++14";
				CLANG_CXX_LIBRARY = "libc++";
				CLANG_ENABLE_MODULES = YES;
				CLANG_ENABLE_OBJC_ARC = YES;
				CLANG_WARN_BLOCK_CAPTURE_AUTORELEASING = YES;
				CLANG_WARN_BOOL_CONVERSION = YES;
				CLANG_WARN_COMMA = YES;
				CLANG_WARN_CONSTANT_CONVERSION = YES;
				CLANG_WARN_DIRECT_OBJC_ISA_USAGE = YES_ERROR;
				CLANG_WARN_DOCUMENTATION_COMMENTS = YES;
				CLANG_WARN_EMPTY_BODY = YES;
				CLANG_WARN_ENUM_CONVERSION = YES;
				CLANG_WARN_INFINITE_RECURSION = YES;
				CLANG_WARN_INT_CONVERSION = YES;
				CLANG_WARN_NON_LITERAL_NULL_CONVERSION = YES;
				CLANG_WARN_OBJC_LITERAL_CONVERSION = YES;
				CLANG_WARN_OBJC_ROOT_CLASS = YES_ERROR;
				CLANG_WARN_RANGE_LOOP_ANALYSIS = YES;
				CLANG_WARN_STRICT_PROTOTYPES = YES;
				CLANG_WARN_SUSPICIOUS_MOVE = YES;
				CLANG_WARN_UNGUARDED_AVAILABILITY = YES_AGGRESSIVE;
				CLANG_WARN_UNREACHABLE_CODE = YES;
				CLANG_WARN__DUPLICATE_METHOD_MATCH = YES;
				CODE_SIGN_IDENTITY = "iPhone Developer";
				COPY_PHASE_STRIP = NO;
				DEBUG_INFORMATION_FORMAT = "dwarf-with-dsym";
				ENABLE_NS_ASSERTIONS = NO;
				ENABLE_STRICT_OBJC_MSGSEND = YES;
				GCC_C_LANGUAGE_STANDARD = gnu11;
				GCC_NO_COMMON_BLOCKS = YES;
				GCC_WARN_64_TO_32_BIT_CONVERSION = YES;
				GCC_WARN_ABOUT_RETURN_TYPE = YES_ERROR;
				GCC_WARN_UNDECLARED_SELECTOR = YES;
				GCC_WARN_UNINITIALIZED_AUTOS = YES_AGGRESSIVE;
				GCC_WARN_UNUSED_FUNCTION = YES;
				GCC_WARN_UNUSED_VARIABLE = YES;
				IPHONEOS_DEPLOYMENT_TARGET = 11.2;
				MTL_ENABLE_DEBUG_INFO = NO;
				SDKROOT = iphoneos;
				SWIFT_OPTIMIZATION_LEVEL = "-Owholemodule";
				VALIDATE_PRODUCT = YES;
			};
			name = Release;
		};
		3D401487208D398B00F06CDD /* Debug */ = {
			isa = XCBuildConfiguration;
			buildSettings = {
				ASSETCATALOG_COMPILER_APPICON_NAME = AppIcon;
				CODE_SIGN_STYLE = Automatic;
				INFOPLIST_FILE = Timba/Info.plist;
				LD_RUNPATH_SEARCH_PATHS = "$(inherited) @executable_path/Frameworks";
				PRODUCT_BUNDLE_IDENTIFIER = com.Roos.Timba;
				PRODUCT_NAME = "$(TARGET_NAME)";
				SWIFT_VERSION = 4.0;
				TARGETED_DEVICE_FAMILY = "1,2";
			};
			name = Debug;
		};
		3D401488208D398B00F06CDD /* Release */ = {
			isa = XCBuildConfiguration;
			buildSettings = {
				ASSETCATALOG_COMPILER_APPICON_NAME = AppIcon;
				CODE_SIGN_STYLE = Automatic;
				INFOPLIST_FILE = Timba/Info.plist;
				LD_RUNPATH_SEARCH_PATHS = "$(inherited) @executable_path/Frameworks";
				PRODUCT_BUNDLE_IDENTIFIER = com.Roos.Timba;
				PRODUCT_NAME = "$(TARGET_NAME)";
				SWIFT_VERSION = 4.0;
				TARGETED_DEVICE_FAMILY = "1,2";
			};
			name = Release;
		};
/* End XCBuildConfiguration section */

/* Begin XCConfigurationList section */
		3D40146F208D398B00F06CDD /* Build configuration list for PBXProject "Timba" */ = {
			isa = XCConfigurationList;
			buildConfigurations = (
				3D401484208D398B00F06CDD /* Debug */,
				3D401485208D398B00F06CDD /* Release */,
			);
			defaultConfigurationIsVisible = 0;
			defaultConfigurationName = Release;
		};
		3D401486208D398B00F06CDD /* Build configuration list for PBXNativeTarget "Timba" */ = {
			isa = XCConfigurationList;
			buildConfigurations = (
				3D401487208D398B00F06CDD /* Debug */,
				3D401488208D398B00F06CDD /* Release */,
			);
			defaultConfigurationIsVisible = 0;
			defaultConfigurationName = Release;
		};
/* End XCConfigurationList section */
	};
	rootObject = 3D40146C208D398B00F06CDD /* Project object */;
}
